
Microsoft Visual Studio Solution File, Format Version 12.00
# Visual Studio 15
VisualStudioVersion = 15.0.28307.1585
MinimumVisualStudioVersion = 10.0.40219.1
Project("{FAE04EC0-301F-11D3-BF4B-00C04F79EFBC}") = "ToDoAPI.API", "ToDoAPI.API\ToDoAPI.API.csproj", "{80492737-8E1A-4FD3-9793-9A5DBAFA69FB}"
EndProject
Project("{FAE04EC0-301F-11D3-BF4B-00C04F79EFBC}") = "ToDoAPI.DATA.EF", "ToDoAPI.DATA.EF\ToDoAPI.DATA.EF.csproj", "{31453082-AED8-45B1-A169-F0CAE5184D22}"
EndProject
Global
	GlobalSection(SolutionConfigurationPlatforms) = preSolution
		Debug|Any CPU = Debug|Any CPU
		Release|Any CPU = Release|Any CPU
	EndGlobalSection
	GlobalSection(ProjectConfigurationPlatforms) = postSolution
		{80492737-8E1A-4FD3-9793-9A5DBAFA69FB}.Debug|Any CPU.ActiveCfg = Debug|Any CPU
		{80492737-8E1A-4FD3-9793-9A5DBAFA69FB}.Debug|Any CPU.Build.0 = Debug|Any CPU
		{80492737-8E1A-4FD3-9793-9A5DBAFA69FB}.Release|Any CPU.ActiveCfg = Release|Any CPU
		{80492737-8E1A-4FD3-9793-9A5DBAFA69FB}.Release|Any CPU.Build.0 = Release|Any CPU
		{31453082-AED8-45B1-A169-F0CAE5184D22}.Debug|Any CPU.ActiveCfg = Debug|Any CPU
		{31453082-AED8-45B1-A169-F0CAE5184D22}.Debug|Any CPU.Build.0 = Debug|Any CPU
		{31453082-AED8-45B1-A169-F0CAE5184D22}.Release|Any CPU.ActiveCfg = Release|Any CPU
		{31453082-AED8-45B1-A169-F0CAE5184D22}.Release|Any CPU.Build.0 = Release|Any CPU
	EndGlobalSection
	GlobalSection(SolutionProperties) = preSolution
		HideSolutionNode = FALSE
	EndGlobalSection
	GlobalSection(ExtensibilityGlobals) = postSolution
		SolutionGuid = {0283D6F2-67BB-4273-B264-7597BA0FE1D9}
	EndGlobalSection
EndGlobal
